
Microsoft Visual Studio Solution File, Format Version 12.00
# Visual Studio Version 17
VisualStudioVersion = 17.5.33627.172
MinimumVisualStudioVersion = 10.0.40219.1
Project("{FAE04EC0-301F-11D3-BF4B-00C04F79EFBC}") = "BooaleanVariables", "BooaleanVariables\BooaleanVariables.csproj", "{766B56B2-C969-4315-858D-251855E7A361}"
EndProject
Global
	GlobalSection(SolutionConfigurationPlatforms) = preSolution
		Debug|Any CPU = Debug|Any CPU
		Release|Any CPU = Release|Any CPU
	EndGlobalSection
	GlobalSection(ProjectConfigurationPlatforms) = postSolution
		{766B56B2-C969-4315-858D-251855E7A361}.Debug|Any CPU.ActiveCfg = Debug|Any CPU
		{766B56B2-C969-4315-858D-251855E7A361}.Debug|Any CPU.Build.0 = Debug|Any CPU
		{766B56B2-C969-4315-858D-251855E7A361}.Release|Any CPU.ActiveCfg = Release|Any CPU
		{766B56B2-C969-4315-858D-251855E7A361}.Release|Any CPU.Build.0 = Release|Any CPU
	EndGlobalSection
	GlobalSection(SolutionProperties) = preSolution
		HideSolutionNode = FALSE
	EndGlobalSection
	GlobalSection(ExtensibilityGlobals) = postSolution
		SolutionGuid = {B7439750-B2B8-472C-A99F-DB07465CAB10}
	EndGlobalSection
EndGlobal
