
Microsoft Visual Studio Solution File, Format Version 12.00
# Visual Studio Version 17
VisualStudioVersion = 17.5.33627.172
MinimumVisualStudioVersion = 10.0.40219.1
Project("{FAE04EC0-301F-11D3-BF4B-00C04F79EFBC}") = "ConsoleUI", "ConsoleUI\ConsoleUI.csproj", "{4F8F825E-64D1-4E4D-9F13-669B52D9E854}"
EndProject
Global
	GlobalSection(SolutionConfigurationPlatforms) = preSolution
		Debug|Any CPU = Debug|Any CPU
		Release|Any CPU = Release|Any CPU
	EndGlobalSection
	GlobalSection(ProjectConfigurationPlatforms) = postSolution
		{4F8F825E-64D1-4E4D-9F13-669B52D9E854}.Debug|Any CPU.ActiveCfg = Debug|Any CPU
		{4F8F825E-64D1-4E4D-9F13-669B52D9E854}.Debug|Any CPU.Build.0 = Debug|Any CPU
		{4F8F825E-64D1-4E4D-9F13-669B52D9E854}.Release|Any CPU.ActiveCfg = Release|Any CPU
		{4F8F825E-64D1-4E4D-9F13-669B52D9E854}.Release|Any CPU.Build.0 = Release|Any CPU
	EndGlobalSection
	GlobalSection(SolutionProperties) = preSolution
		HideSolutionNode = FALSE
	EndGlobalSection
	GlobalSection(ExtensibilityGlobals) = postSolution
		SolutionGuid = {110BBB46-8F81-4E14-9850-B9A5DE7AE745}
	EndGlobalSection
EndGlobal
