
Microsoft Visual Studio Solution File, Format Version 12.00
# Visual Studio Version 17
VisualStudioVersion = 17.5.33627.172
MinimumVisualStudioVersion = 10.0.40219.1
Project("{FAE04EC0-301F-11D3-BF4B-00C04F79EFBC}") = "BasicIf", "Conditionals\BasicIf.csproj", "{DF11301B-1D83-4A59-96BC-ABD506E9AA40}"
EndProject
Global
	GlobalSection(SolutionConfigurationPlatforms) = preSolution
		Debug|Any CPU = Debug|Any CPU
		Release|Any CPU = Release|Any CPU
	EndGlobalSection
	GlobalSection(ProjectConfigurationPlatforms) = postSolution
		{DF11301B-1D83-4A59-96BC-ABD506E9AA40}.Debug|Any CPU.ActiveCfg = Debug|Any CPU
		{DF11301B-1D83-4A59-96BC-ABD506E9AA40}.Debug|Any CPU.Build.0 = Debug|Any CPU
		{DF11301B-1D83-4A59-96BC-ABD506E9AA40}.Release|Any CPU.ActiveCfg = Release|Any CPU
		{DF11301B-1D83-4A59-96BC-ABD506E9AA40}.Release|Any CPU.Build.0 = Release|Any CPU
	EndGlobalSection
	GlobalSection(SolutionProperties) = preSolution
		HideSolutionNode = FALSE
	EndGlobalSection
	GlobalSection(ExtensibilityGlobals) = postSolution
		SolutionGuid = {708AF6A0-8397-4FEF-939A-9D292119B534}
	EndGlobalSection
EndGlobal
