
Microsoft Visual Studio Solution File, Format Version 12.00
# Visual Studio Version 17
VisualStudioVersion = 17.5.33627.172
MinimumVisualStudioVersion = 10.0.40219.1
Project("{FAE04EC0-301F-11D3-BF4B-00C04F79EFBC}") = "TimeOnlyVariables", "TimeOnlyVariables\TimeOnlyVariables.csproj", "{2E0B24D3-FF24-4FA5-8391-8960F337431B}"
EndProject
Global
	GlobalSection(SolutionConfigurationPlatforms) = preSolution
		Debug|Any CPU = Debug|Any CPU
		Release|Any CPU = Release|Any CPU
	EndGlobalSection
	GlobalSection(ProjectConfigurationPlatforms) = postSolution
		{2E0B24D3-FF24-4FA5-8391-8960F337431B}.Debug|Any CPU.ActiveCfg = Debug|Any CPU
		{2E0B24D3-FF24-4FA5-8391-8960F337431B}.Debug|Any CPU.Build.0 = Debug|Any CPU
		{2E0B24D3-FF24-4FA5-8391-8960F337431B}.Release|Any CPU.ActiveCfg = Release|Any CPU
		{2E0B24D3-FF24-4FA5-8391-8960F337431B}.Release|Any CPU.Build.0 = Release|Any CPU
	EndGlobalSection
	GlobalSection(SolutionProperties) = preSolution
		HideSolutionNode = FALSE
	EndGlobalSection
	GlobalSection(ExtensibilityGlobals) = postSolution
		SolutionGuid = {103235E7-824A-479B-9807-64837F214353}
	EndGlobalSection
EndGlobal
